
Microsoft Visual Studio Solution File, Format Version 12.00
# Visual Studio Version 17
VisualStudioVersion = 17.4.33403.182
MinimumVisualStudioVersion = 10.0.40219.1
Project("{FAE04EC0-301F-11D3-BF4B-00C04F79EFBC}") = "PrvniHodina", "PrvniHodina\PrvniHodina.csproj", "{9C6AFF77-ED6A-4928-BAF0-F0724B710274}"
EndProject
Project("{FAE04EC0-301F-11D3-BF4B-00C04F79EFBC}") = "Nasobky", "Nasobky\Nasobky.csproj", "{732EAB76-FD02-4F15-83D1-EFA8E9DD8CF2}"
EndProject
Global
	GlobalSection(SolutionConfigurationPlatforms) = preSolution
		Debug|Any CPU = Debug|Any CPU
		Release|Any CPU = Release|Any CPU
	EndGlobalSection
	GlobalSection(ProjectConfigurationPlatforms) = postSolution
		{9C6AFF77-ED6A-4928-BAF0-F0724B710274}.Debug|Any CPU.ActiveCfg = Debug|Any CPU
		{9C6AFF77-ED6A-4928-BAF0-F0724B710274}.Debug|Any CPU.Build.0 = Debug|Any CPU
		{9C6AFF77-ED6A-4928-BAF0-F0724B710274}.Release|Any CPU.ActiveCfg = Release|Any CPU
		{9C6AFF77-ED6A-4928-BAF0-F0724B710274}.Release|Any CPU.Build.0 = Release|Any CPU
		{732EAB76-FD02-4F15-83D1-EFA8E9DD8CF2}.Debug|Any CPU.ActiveCfg = Debug|Any CPU
		{732EAB76-FD02-4F15-83D1-EFA8E9DD8CF2}.Debug|Any CPU.Build.0 = Debug|Any CPU
		{732EAB76-FD02-4F15-83D1-EFA8E9DD8CF2}.Release|Any CPU.ActiveCfg = Release|Any CPU
		{732EAB76-FD02-4F15-83D1-EFA8E9DD8CF2}.Release|Any CPU.Build.0 = Release|Any CPU
	EndGlobalSection
	GlobalSection(SolutionProperties) = preSolution
		HideSolutionNode = FALSE
	EndGlobalSection
	GlobalSection(ExtensibilityGlobals) = postSolution
		SolutionGuid = {444809DB-9C59-4261-9132-6A0EE304D433}
	EndGlobalSection
EndGlobal
